// !$*UTF8*$!
{
	archiveVersion = 1;
	classes = {
	};
	objectVersion = 46;
	objects = {

/* Begin PBXGroup section */
		E90F07E4182DD9A2004B8CCD = {
			isa = PBXGroup;
			children = (
			);
			sourceTree = "<group>";
		};
/* End PBXGroup section */

/* Begin PBXProject section */
		E90F07E5182DD9A2004B8CCD /* Project object */ = {
			isa = PBXProject;
			attributes = {
				LastUpgradeCheck = 0500;
			};
			buildConfigurationList = E90F07E8182DD9A2004B8CCD /* Build configuration list for PBXProject "Konvenience" */;
			compatibilityVersion = "Xcode 3.2";
			developmentRegion = English;
			hasScannedForEncodings = 0;
			knownRegions = (
				en,
			);
			mainGroup = E90F07E4182DD9A2004B8CCD;
			projectDirPath = "";
			projectRoot = "";
			targets = (
			);
		};
/* End PBXProject section */

/* Begin XCBuildConfiguration section */
		E90F07E9182DD9A2004B8CCD /* Debug */ = {
			isa = XCBuildConfiguration;
			buildSettings = {
			};
			name = Debug;
		};
		E90F07EA182DD9A2004B8CCD /* Release */ = {
			isa = XCBuildConfiguration;
			buildSettings = {
			};
			name = Release;
		};
/* End XCBuildConfiguration section */

/* Begin XCConfigurationList section */
		E90F07E8182DD9A2004B8CCD /* Build configuration list for PBXProject "Konvenience" */ = {
			isa = XCConfigurationList;
			buildConfigurations = (
				E90F07E9182DD9A2004B8CCD /* Debug */,
				E90F07EA182DD9A2004B8CCD /* Release */,
			);
			defaultConfigurationIsVisible = 0;
			defaultConfigurationName = Release;
		};
/* End XCConfigurationList section */
	};
	rootObject = E90F07E5182DD9A2004B8CCD /* Project object */;
}
